
Microsoft Visual Studio Solution File, Format Version 12.00
# Visual Studio 15
VisualStudioVersion = 15.0.28307.705
MinimumVisualStudioVersion = 10.0.40219.1
Project("{FAE04EC0-301F-11D3-BF4B-00C04F79EFBC}") = "EFCore.Domain", "EFCore.Domain\EFCore.Domain.csproj", "{9B0A3C55-61B8-4934-B810-CB71E65D6861}"
EndProject
Project("{FAE04EC0-301F-11D3-BF4B-00C04F79EFBC}") = "EFCore.Data", "EFCore.Model\EFCore.Data.csproj", "{7BF69F03-74F6-4D2B-A806-EF2147058640}"
EndProject
Global
	GlobalSection(SolutionConfigurationPlatforms) = preSolution
		Debug|Any CPU = Debug|Any CPU
		Release|Any CPU = Release|Any CPU
	EndGlobalSection
	GlobalSection(ProjectConfigurationPlatforms) = postSolution
		{9B0A3C55-61B8-4934-B810-CB71E65D6861}.Debug|Any CPU.ActiveCfg = Debug|Any CPU
		{9B0A3C55-61B8-4934-B810-CB71E65D6861}.Debug|Any CPU.Build.0 = Debug|Any CPU
		{9B0A3C55-61B8-4934-B810-CB71E65D6861}.Release|Any CPU.ActiveCfg = Release|Any CPU
		{9B0A3C55-61B8-4934-B810-CB71E65D6861}.Release|Any CPU.Build.0 = Release|Any CPU
		{7BF69F03-74F6-4D2B-A806-EF2147058640}.Debug|Any CPU.ActiveCfg = Debug|Any CPU
		{7BF69F03-74F6-4D2B-A806-EF2147058640}.Debug|Any CPU.Build.0 = Debug|Any CPU
		{7BF69F03-74F6-4D2B-A806-EF2147058640}.Release|Any CPU.ActiveCfg = Release|Any CPU
		{7BF69F03-74F6-4D2B-A806-EF2147058640}.Release|Any CPU.Build.0 = Release|Any CPU
	EndGlobalSection
	GlobalSection(SolutionProperties) = preSolution
		HideSolutionNode = FALSE
	EndGlobalSection
	GlobalSection(ExtensibilityGlobals) = postSolution
		SolutionGuid = {D287E9FC-7B92-49D9-B58A-7D5ADD4BA064}
	EndGlobalSection
EndGlobal
